
Microsoft Visual Studio Solution File, Format Version 12.00
# Visual Studio Version 17
VisualStudioVersion = 17.0.31903.59
MinimumVisualStudioVersion = 10.0.40219.1
Project("{FAE04EC0-301F-11D3-BF4B-00C04F79EFBC}") = "api", "api\api.csproj", "{1EE6A907-1CA4-495E-93AB-939C6FBAF083}"
EndProject
Project("{2150E333-8FDC-42A3-9474-1A3956D46DE8}") = "domain", "domain", "{94EE25C3-B76E-4072-8EEB-2EDF914B40E2}"
EndProject
Project("{FAE04EC0-301F-11D3-BF4B-00C04F79EFBC}") = "game", "domain\game\game.csproj", "{A1025EAB-673C-4AFE-ABFB-9105F46E749E}"
EndProject
Project("{FAE04EC0-301F-11D3-BF4B-00C04F79EFBC}") = "game-test", "domain\game-test\game-test.csproj", "{E0403FD0-9260-403F-8BAD-18CC7F868006}"
EndProject
Global
	GlobalSection(SolutionConfigurationPlatforms) = preSolution
		Debug|Any CPU = Debug|Any CPU
		Release|Any CPU = Release|Any CPU
	EndGlobalSection
	GlobalSection(SolutionProperties) = preSolution
		HideSolutionNode = FALSE
	EndGlobalSection
	GlobalSection(ProjectConfigurationPlatforms) = postSolution
		{1EE6A907-1CA4-495E-93AB-939C6FBAF083}.Debug|Any CPU.ActiveCfg = Debug|Any CPU
		{1EE6A907-1CA4-495E-93AB-939C6FBAF083}.Debug|Any CPU.Build.0 = Debug|Any CPU
		{1EE6A907-1CA4-495E-93AB-939C6FBAF083}.Release|Any CPU.ActiveCfg = Release|Any CPU
		{1EE6A907-1CA4-495E-93AB-939C6FBAF083}.Release|Any CPU.Build.0 = Release|Any CPU
		{A1025EAB-673C-4AFE-ABFB-9105F46E749E}.Debug|Any CPU.ActiveCfg = Debug|Any CPU
		{A1025EAB-673C-4AFE-ABFB-9105F46E749E}.Debug|Any CPU.Build.0 = Debug|Any CPU
		{A1025EAB-673C-4AFE-ABFB-9105F46E749E}.Release|Any CPU.ActiveCfg = Release|Any CPU
		{A1025EAB-673C-4AFE-ABFB-9105F46E749E}.Release|Any CPU.Build.0 = Release|Any CPU
		{E0403FD0-9260-403F-8BAD-18CC7F868006}.Debug|Any CPU.ActiveCfg = Debug|Any CPU
		{E0403FD0-9260-403F-8BAD-18CC7F868006}.Debug|Any CPU.Build.0 = Debug|Any CPU
		{E0403FD0-9260-403F-8BAD-18CC7F868006}.Release|Any CPU.ActiveCfg = Release|Any CPU
		{E0403FD0-9260-403F-8BAD-18CC7F868006}.Release|Any CPU.Build.0 = Release|Any CPU
	EndGlobalSection
	GlobalSection(NestedProjects) = preSolution
		{A1025EAB-673C-4AFE-ABFB-9105F46E749E} = {94EE25C3-B76E-4072-8EEB-2EDF914B40E2}
		{E0403FD0-9260-403F-8BAD-18CC7F868006} = {94EE25C3-B76E-4072-8EEB-2EDF914B40E2}
	EndGlobalSection
EndGlobal
